
Microsoft Visual Studio Solution File, Format Version 12.00
# Visual Studio Version 16
VisualStudioVersion = 16.0.29009.5
MinimumVisualStudioVersion = 10.0.40219.1
Project("{FAE04EC0-301F-11D3-BF4B-00C04F79EFBC}") = "ClipboardIndicator", "ClipboardIndicator\ClipboardIndicator.csproj", "{7CEE7762-8056-4574-9B2D-7B53C4358A30}"
EndProject
Global
	GlobalSection(SolutionConfigurationPlatforms) = preSolution
		Debug|Any CPU = Debug|Any CPU
		Release|Any CPU = Release|Any CPU
	EndGlobalSection
	GlobalSection(ProjectConfigurationPlatforms) = postSolution
		{7CEE7762-8056-4574-9B2D-7B53C4358A30}.Debug|Any CPU.ActiveCfg = Debug|Any CPU
		{7CEE7762-8056-4574-9B2D-7B53C4358A30}.Debug|Any CPU.Build.0 = Debug|Any CPU
		{7CEE7762-8056-4574-9B2D-7B53C4358A30}.Release|Any CPU.ActiveCfg = Release|Any CPU
		{7CEE7762-8056-4574-9B2D-7B53C4358A30}.Release|Any CPU.Build.0 = Release|Any CPU
	EndGlobalSection
	GlobalSection(SolutionProperties) = preSolution
		HideSolutionNode = FALSE
	EndGlobalSection
	GlobalSection(ExtensibilityGlobals) = postSolution
		SolutionGuid = {D7227418-E571-4935-B08D-FB6BEA092013}
	EndGlobalSection
EndGlobal
